
Microsoft Visual Studio Solution File, Format Version 11.00
# Visual Studio 2010
Project("{8BC9CEB8-8B4A-11D0-8D11-00A0C91BC942}") = "Templale_practice", "Templale_practice\Templale_practice.vcxproj", "{A166B74F-6141-407B-898F-80301A524BF5}"
	ProjectSection(ProjectDependencies) = postProject
		{663AF138-A82A-48F6-B444-99C9DF54F893} = {663AF138-A82A-48F6-B444-99C9DF54F893}
	EndProjectSection
EndProject
Project("{8BC9CEB8-8B4A-11D0-8D11-00A0C91BC942}") = "Utility", "Utility\Utility.vcxproj", "{663AF138-A82A-48F6-B444-99C9DF54F893}"
EndProject
Project("{8BC9CEB8-8B4A-11D0-8D11-00A0C91BC942}") = "Client", "Client\Client.vcxproj", "{30CE137A-8056-4311-8449-7F9AC1411644}"
	ProjectSection(ProjectDependencies) = postProject
		{ECACD806-592A-4E37-B72D-CE73A410543B} = {ECACD806-592A-4E37-B72D-CE73A410543B}
		{663AF138-A82A-48F6-B444-99C9DF54F893} = {663AF138-A82A-48F6-B444-99C9DF54F893}
	EndProjectSection
EndProject
Project("{8BC9CEB8-8B4A-11D0-8D11-00A0C91BC942}") = "SocketLib", "SocketLib\SocketLib.vcxproj", "{ECACD806-592A-4E37-B72D-CE73A410543B}"
EndProject
Project("{8BC9CEB8-8B4A-11D0-8D11-00A0C91BC942}") = "Server", "Server\Server.vcxproj", "{52A3E837-6A15-47D4-A70A-3616D5EA5099}"
	ProjectSection(ProjectDependencies) = postProject
		{ECACD806-592A-4E37-B72D-CE73A410543B} = {ECACD806-592A-4E37-B72D-CE73A410543B}
		{663AF138-A82A-48F6-B444-99C9DF54F893} = {663AF138-A82A-48F6-B444-99C9DF54F893}
	EndProjectSection
EndProject
Global
	GlobalSection(SolutionConfigurationPlatforms) = preSolution
		Debug|Win32 = Debug|Win32
		Release|Win32 = Release|Win32
	EndGlobalSection
	GlobalSection(ProjectConfigurationPlatforms) = postSolution
		{A166B74F-6141-407B-898F-80301A524BF5}.Debug|Win32.ActiveCfg = Debug|Win32
		{A166B74F-6141-407B-898F-80301A524BF5}.Debug|Win32.Build.0 = Debug|Win32
		{A166B74F-6141-407B-898F-80301A524BF5}.Release|Win32.ActiveCfg = Release|Win32
		{A166B74F-6141-407B-898F-80301A524BF5}.Release|Win32.Build.0 = Release|Win32
		{663AF138-A82A-48F6-B444-99C9DF54F893}.Debug|Win32.ActiveCfg = Debug|Win32
		{663AF138-A82A-48F6-B444-99C9DF54F893}.Debug|Win32.Build.0 = Debug|Win32
		{663AF138-A82A-48F6-B444-99C9DF54F893}.Release|Win32.ActiveCfg = Release|Win32
		{663AF138-A82A-48F6-B444-99C9DF54F893}.Release|Win32.Build.0 = Release|Win32
		{30CE137A-8056-4311-8449-7F9AC1411644}.Debug|Win32.ActiveCfg = Debug|Win32
		{30CE137A-8056-4311-8449-7F9AC1411644}.Debug|Win32.Build.0 = Debug|Win32
		{30CE137A-8056-4311-8449-7F9AC1411644}.Release|Win32.ActiveCfg = Release|Win32
		{30CE137A-8056-4311-8449-7F9AC1411644}.Release|Win32.Build.0 = Release|Win32
		{ECACD806-592A-4E37-B72D-CE73A410543B}.Debug|Win32.ActiveCfg = Debug|Win32
		{ECACD806-592A-4E37-B72D-CE73A410543B}.Debug|Win32.Build.0 = Debug|Win32
		{ECACD806-592A-4E37-B72D-CE73A410543B}.Release|Win32.ActiveCfg = Release|Win32
		{ECACD806-592A-4E37-B72D-CE73A410543B}.Release|Win32.Build.0 = Release|Win32
		{52A3E837-6A15-47D4-A70A-3616D5EA5099}.Debug|Win32.ActiveCfg = Debug|Win32
		{52A3E837-6A15-47D4-A70A-3616D5EA5099}.Debug|Win32.Build.0 = Debug|Win32
		{52A3E837-6A15-47D4-A70A-3616D5EA5099}.Release|Win32.ActiveCfg = Release|Win32
		{52A3E837-6A15-47D4-A70A-3616D5EA5099}.Release|Win32.Build.0 = Release|Win32
	EndGlobalSection
	GlobalSection(SolutionProperties) = preSolution
		HideSolutionNode = FALSE
	EndGlobalSection
EndGlobal
